
Microsoft Visual Studio Solution File, Format Version 12.00
# Visual Studio Version 17
VisualStudioVersion = 17.10.35013.160
MinimumVisualStudioVersion = 10.0.40219.1
Project("{2150E333-8FDC-42A3-9474-1A3956D46DE8}") = "Services", "Services", "{00D6311A-C386-44CD-A6E4-3E9DC621DEA3}"
EndProject
Project("{9A19103F-16F7-4668-BE54-9A1E7A4F7556}") = "Auth.API", "Services\AuthService\Auth.API.csproj", "{F58EA904-F9B3-4A3E-9392-8D3C6C4D4E87}"
EndProject
Project("{2150E333-8FDC-42A3-9474-1A3956D46DE8}") = "BuildingBlocks", "BuildingBlocks", "{2AE65493-DEF4-438F-B6B0-0B4986A6C484}"
EndProject
Project("{FAE04EC0-301F-11D3-BF4B-00C04F79EFBC}") = "Tenant.API", "Services\Tenant.API\Tenant.API.csproj", "{525614D4-97AB-46D0-A8D9-079DEEEB2395}"
EndProject
Global
	GlobalSection(SolutionConfigurationPlatforms) = preSolution
		Debug|Any CPU = Debug|Any CPU
		Release|Any CPU = Release|Any CPU
	EndGlobalSection
	GlobalSection(ProjectConfigurationPlatforms) = postSolution
		{F58EA904-F9B3-4A3E-9392-8D3C6C4D4E87}.Debug|Any CPU.ActiveCfg = Debug|Any CPU
		{F58EA904-F9B3-4A3E-9392-8D3C6C4D4E87}.Debug|Any CPU.Build.0 = Debug|Any CPU
		{F58EA904-F9B3-4A3E-9392-8D3C6C4D4E87}.Release|Any CPU.ActiveCfg = Release|Any CPU
		{F58EA904-F9B3-4A3E-9392-8D3C6C4D4E87}.Release|Any CPU.Build.0 = Release|Any CPU
		{525614D4-97AB-46D0-A8D9-079DEEEB2395}.Debug|Any CPU.ActiveCfg = Debug|Any CPU
		{525614D4-97AB-46D0-A8D9-079DEEEB2395}.Debug|Any CPU.Build.0 = Debug|Any CPU
		{525614D4-97AB-46D0-A8D9-079DEEEB2395}.Release|Any CPU.ActiveCfg = Release|Any CPU
		{525614D4-97AB-46D0-A8D9-079DEEEB2395}.Release|Any CPU.Build.0 = Release|Any CPU
	EndGlobalSection
	GlobalSection(SolutionProperties) = preSolution
		HideSolutionNode = FALSE
	EndGlobalSection
	GlobalSection(NestedProjects) = preSolution
		{F58EA904-F9B3-4A3E-9392-8D3C6C4D4E87} = {00D6311A-C386-44CD-A6E4-3E9DC621DEA3}
		{525614D4-97AB-46D0-A8D9-079DEEEB2395} = {00D6311A-C386-44CD-A6E4-3E9DC621DEA3}
	EndGlobalSection
	GlobalSection(ExtensibilityGlobals) = postSolution
		SolutionGuid = {37A8EFE9-683A-42FB-B8E0-59AEC5287592}
	EndGlobalSection
EndGlobal
