
Microsoft Visual Studio Solution File, Format Version 12.00
# Visual Studio Version 18
VisualStudioVersion = 18.0.11111.16
MinimumVisualStudioVersion = 10.0.40219.1
Project("{2150E333-8FDC-42A3-9474-1A3956D46DE8}") = "Services", "Services", "{00D6311A-C386-44CD-A6E4-3E9DC621DEA3}"
EndProject
Project("{2150E333-8FDC-42A3-9474-1A3956D46DE8}") = "BuildingBlocks", "BuildingBlocks", "{2AE65493-DEF4-438F-B6B0-0B4986A6C484}"
EndProject
Project("{9A19103F-16F7-4668-BE54-9A1E7A4F7556}") = "Core", "BuildingBlocks\Core\Core.csproj", "{786625A8-C9D8-4C08-A490-520C053403F1}"
EndProject
Project("{2150E333-8FDC-42A3-9474-1A3956D46DE8}") = "TaskService", "TaskService", "{2581D6B2-F2A7-4C6F-8AD5-D609583B0311}"
EndProject
Project("{9A19103F-16F7-4668-BE54-9A1E7A4F7556}") = "TaskService.Application", "Services\TaskService\TaskService.Application\TaskService.Application.csproj", "{6FB59BBB-D0DE-6D9A-767C-848C6C0FCE8C}"
EndProject
Project("{9A19103F-16F7-4668-BE54-9A1E7A4F7556}") = "TaskService.Domain", "Services\TaskService\TaskService.Domain\TaskService.Domain.csproj", "{5EB4C43A-431B-97E8-5A13-7C99B99FDA4E}"
EndProject
Project("{9A19103F-16F7-4668-BE54-9A1E7A4F7556}") = "TaskService.Infrastructure", "Services\TaskService\TaskService.Infrastructure\TaskService.Infrastructure.csproj", "{F707379C-165F-71DC-0B73-777129AC363F}"
EndProject
Project("{2150E333-8FDC-42A3-9474-1A3956D46DE8}") = "ApiGateway", "ApiGateway", "{984BF99C-995B-406D-9288-6153CE00C779}"
EndProject
Project("{9A19103F-16F7-4668-BE54-9A1E7A4F7556}") = "YarpApiGateway", "ApiGateway\YarpApiGateway\YarpApiGateway.csproj", "{1FDA3660-D667-4A14-BC28-8B6EACCF2017}"
EndProject
Project("{9A19103F-16F7-4668-BE54-9A1E7A4F7556}") = "TaskService.API", "Services\TaskService\TaskService.API\TaskService.API.csproj", "{681464FF-467A-4828-183B-BC425646B83F}"
EndProject
Project("{2150E333-8FDC-42A3-9474-1A3956D46DE8}") = "Board", "Board", "{8819FCB1-A1E9-48F3-8A80-2E84F38B9A73}"
EndProject
Project("{9A19103F-16F7-4668-BE54-9A1E7A4F7556}") = "Board.Domain", "Services\Board\Board.Domain\Board.Domain.csproj", "{3A7CA8C5-AB62-494F-8E25-E1AA9EE5AC81}"
EndProject
Project("{9A19103F-16F7-4668-BE54-9A1E7A4F7556}") = "Board.API", "Services\Board\Board.API\Board.API.csproj", "{6E12E107-F4A4-115B-8EF5-ABA8536A5D9F}"
EndProject
Project("{9A19103F-16F7-4668-BE54-9A1E7A4F7556}") = "Board.Application", "Services\Board\Board.Application\Board.Application.csproj", "{35E890D3-1A55-7406-1FD1-884A2115DBBB}"
EndProject
Project("{9A19103F-16F7-4668-BE54-9A1E7A4F7556}") = "Board.Infrastructure", "Services\Board\Board.Infrastructure\Board.Infrastructure.csproj", "{806778EB-41A0-F9D8-A849-61D66A369E51}"
EndProject
Project("{2150E333-8FDC-42A3-9474-1A3956D46DE8}") = "Notification", "Notification", "{7C64A308-4949-4389-8B44-560EC753C1B7}"
EndProject
Project("{2150E333-8FDC-42A3-9474-1A3956D46DE8}") = "AI", "AI", "{84C6647A-7212-4718-BB61-4AE0768DE9BE}"
EndProject
Project("{2150E333-8FDC-42A3-9474-1A3956D46DE8}") = "Report", "Report", "{E9C8FC3F-A374-4A95-BCBD-7AD6C1CD9D1A}"
EndProject
Project("{2150E333-8FDC-42A3-9474-1A3956D46DE8}") = "Authentication", "Authentication", "{656F06A4-799F-41F8-A8E1-2A66DEAE039B}"
EndProject
Project("{2150E333-8FDC-42A3-9474-1A3956D46DE8}") = "Project", "Project", "{7F375FB3-4D47-4B80-A498-84C40D54162F}"
EndProject
Project("{2150E333-8FDC-42A3-9474-1A3956D46DE8}") = "Tenant", "Tenant", "{2D3E73F7-F709-4183-A195-F65641A99F79}"
EndProject
Project("{9A19103F-16F7-4668-BE54-9A1E7A4F7556}") = "Tenant.API", "Services\Tenant\Tenant.API\Tenant.API.csproj", "{9119B19C-1ECC-0878-21B2-B46B2FFE2E20}"
EndProject
Project("{9A19103F-16F7-4668-BE54-9A1E7A4F7556}") = "Project.API", "Services\Project\Project.API\Project.API.csproj", "{7AE17206-BDCE-B6C2-5F33-027E3D25A054}"
EndProject
Project("{9A19103F-16F7-4668-BE54-9A1E7A4F7556}") = "Auth.API", "Services\Authentication\Auth.API\Auth.API.csproj", "{24DF4C10-671F-EBA0-4B50-5714B365CA1A}"
EndProject
Project("{9A19103F-16F7-4668-BE54-9A1E7A4F7556}") = "Notification.API", "Services\Notification\Notification.API\Notification.API.csproj", "{C19F2A7D-BE7D-46A3-A714-FF46E36FB205}"
EndProject
Project("{9A19103F-16F7-4668-BE54-9A1E7A4F7556}") = "Report.API", "Services\Report\Report.API\Report.API.csproj", "{423C8CDD-9E83-402D-AFF9-E970378C402F}"
EndProject
Project("{9A19103F-16F7-4668-BE54-9A1E7A4F7556}") = "Core.Messaging", "BuildingBlocks\Core.Messaging\Core.Messaging.csproj", "{75A56847-6A11-47DE-9833-4B4BA8E7F3F9}"
EndProject
Project("{2150E333-8FDC-42A3-9474-1A3956D46DE8}") = "Billing", "Billing", "{F55AB359-33A8-4653-8283-D6FF5B4A7C7C}"
EndProject
Project("{2150E333-8FDC-42A3-9474-1A3956D46DE8}") = "Search", "Search", "{58D401B5-BC03-40D3-9910-C3A970EBFE51}"
EndProject
Project("{2150E333-8FDC-42A3-9474-1A3956D46DE8}") = "Attachement", "Attachement", "{1D5E5BF2-5C08-4647-866F-9226797D51BC}"
EndProject
Project("{E53339B2-1760-4266-BCC7-CA923CBCF16C}") = "docker-compose", "docker-compose.dcproj", "{81DDED9D-158B-E303-5F62-77A2896D2A5A}"
EndProject
Project("{2150E333-8FDC-42A3-9474-1A3956D46DE8}") = "Manifests", "Manifests", "{CF965754-CF50-4FB5-A187-BE0A28521E4C}"
	ProjectSection(SolutionItems) = preProject
		Manifests\auth-api-deployment.yaml = Manifests\auth-api-deployment.yaml
		Manifests\board-api-deployment.yaml = Manifests\board-api-deployment.yaml
		Manifests\notification-api-deployment.yaml = Manifests\notification-api-deployment.yaml
		Manifests\project-api-deployment.yaml = Manifests\project-api-deployment.yaml
		Manifests\report-api-deployment.yaml = Manifests\report-api-deployment.yaml
		Manifests\task-api-deployment.yaml = Manifests\task-api-deployment.yaml
		Manifests\tenant-api-deployment.yaml = Manifests\tenant-api-deployment.yaml
		Manifests\yarpapigateway-deployment.yaml = Manifests\yarpapigateway-deployment.yaml
	EndProjectSection
EndProject
Project("{2150E333-8FDC-42A3-9474-1A3956D46DE8}") = "Kubernetes", "Kubernetes", "{559DCCCF-31D5-46C0-8EFB-24EAEDB93B8F}"
EndProject
Project("{2150E333-8FDC-42A3-9474-1A3956D46DE8}") = "Configurations", "Configurations", "{7F6442FC-2E2D-4AA9-9DE8-F4E4305080F0}"
	ProjectSection(SolutionItems) = preProject
		configmap-auth-api.yaml = configmap-auth-api.yaml
		configmap-yarpapigateway.yaml = configmap-yarpapigateway.yaml
	EndProjectSection
EndProject
Project("{2150E333-8FDC-42A3-9474-1A3956D46DE8}") = "Ingress", "Ingress", "{EF13DAB5-0B6F-4C04-BEEF-7683FBC09385}"
	ProjectSection(SolutionItems) = preProject
		ingress.yaml = ingress.yaml
	EndProjectSection
EndProject
Project("{FAE04EC0-301F-11D3-BF4B-00C04F79EFBC}") = "Attachement.API", "Services\Attachement\Attachement.API\Attachement.API.csproj", "{B09DA8A4-84DB-01BB-7D38-57195227EA7F}"
EndProject
Project("{FAE04EC0-301F-11D3-BF4B-00C04F79EFBC}") = "Board.Tests", "Services\Board\Board.Tests\Board.Tests.csproj", "{86037DF8-F3CD-4F00-B59B-4ACF69DBDE7C}"
EndProject
Project("{FAE04EC0-301F-11D3-BF4B-00C04F79EFBC}") = "Project.API.Tests", "Services\Project.API.Tests\Project.API.Tests.csproj", "{750B74D4-1152-438A-BD40-662B084C3918}"
EndProject
Project("{FAE04EC0-301F-11D3-BF4B-00C04F79EFBC}") = "Report.API.Tests", "Services\Report\Report.API.Tests\Report.API.Tests.csproj", "{6AAB6C80-F76C-4A54-AF15-7CC055ED3A89}"
EndProject
Project("{FAE04EC0-301F-11D3-BF4B-00C04F79EFBC}") = "TaskService.Tests", "Services\TaskService\TaskService.Tests\TaskService.Tests.csproj", "{DA1033B5-D8F9-46B9-BA93-74B92DB07F65}"
EndProject
Project("{FAE04EC0-301F-11D3-BF4B-00C04F79EFBC}") = "Tenant.API.Tests", "Services\Tenant\Tenant.API.Tests\Tenant.API.Tests.csproj", "{439FB1C9-3155-454A-94CF-511465EF0008}"
EndProject
Project("{FAE04EC0-301F-11D3-BF4B-00C04F79EFBC}") = "Auth.API.Tests", "Services\Authentication\Auth.API.Tests\Auth.API.Tests.csproj", "{1FB162B3-2BEA-F81F-4FF0-98A6285F8610}"
EndProject
Project("{FAE04EC0-301F-11D3-BF4B-00C04F79EFBC}") = "Boart.Test", "..\Services\Board\Boart.Test\Boart.Test.csproj", "{EA1EDB70-9081-433A-BBAF-BB04E66BD599}"
EndProject
Global
	GlobalSection(SolutionConfigurationPlatforms) = preSolution
		Debug|Any CPU = Debug|Any CPU
		Release|Any CPU = Release|Any CPU
	EndGlobalSection
	GlobalSection(ProjectConfigurationPlatforms) = postSolution
		{786625A8-C9D8-4C08-A490-520C053403F1}.Debug|Any CPU.ActiveCfg = Debug|Any CPU
		{786625A8-C9D8-4C08-A490-520C053403F1}.Debug|Any CPU.Build.0 = Debug|Any CPU
		{786625A8-C9D8-4C08-A490-520C053403F1}.Release|Any CPU.ActiveCfg = Release|Any CPU
		{786625A8-C9D8-4C08-A490-520C053403F1}.Release|Any CPU.Build.0 = Release|Any CPU
		{6FB59BBB-D0DE-6D9A-767C-848C6C0FCE8C}.Debug|Any CPU.ActiveCfg = Debug|Any CPU
		{6FB59BBB-D0DE-6D9A-767C-848C6C0FCE8C}.Debug|Any CPU.Build.0 = Debug|Any CPU
		{6FB59BBB-D0DE-6D9A-767C-848C6C0FCE8C}.Release|Any CPU.ActiveCfg = Release|Any CPU
		{6FB59BBB-D0DE-6D9A-767C-848C6C0FCE8C}.Release|Any CPU.Build.0 = Release|Any CPU
		{5EB4C43A-431B-97E8-5A13-7C99B99FDA4E}.Debug|Any CPU.ActiveCfg = Debug|Any CPU
		{5EB4C43A-431B-97E8-5A13-7C99B99FDA4E}.Debug|Any CPU.Build.0 = Debug|Any CPU
		{5EB4C43A-431B-97E8-5A13-7C99B99FDA4E}.Release|Any CPU.ActiveCfg = Release|Any CPU
		{5EB4C43A-431B-97E8-5A13-7C99B99FDA4E}.Release|Any CPU.Build.0 = Release|Any CPU
		{F707379C-165F-71DC-0B73-777129AC363F}.Debug|Any CPU.ActiveCfg = Debug|Any CPU
		{F707379C-165F-71DC-0B73-777129AC363F}.Debug|Any CPU.Build.0 = Debug|Any CPU
		{F707379C-165F-71DC-0B73-777129AC363F}.Release|Any CPU.ActiveCfg = Release|Any CPU
		{F707379C-165F-71DC-0B73-777129AC363F}.Release|Any CPU.Build.0 = Release|Any CPU
		{1FDA3660-D667-4A14-BC28-8B6EACCF2017}.Debug|Any CPU.ActiveCfg = Debug|Any CPU
		{1FDA3660-D667-4A14-BC28-8B6EACCF2017}.Debug|Any CPU.Build.0 = Debug|Any CPU
		{1FDA3660-D667-4A14-BC28-8B6EACCF2017}.Release|Any CPU.ActiveCfg = Release|Any CPU
		{1FDA3660-D667-4A14-BC28-8B6EACCF2017}.Release|Any CPU.Build.0 = Release|Any CPU
		{681464FF-467A-4828-183B-BC425646B83F}.Debug|Any CPU.ActiveCfg = Debug|Any CPU
		{681464FF-467A-4828-183B-BC425646B83F}.Debug|Any CPU.Build.0 = Debug|Any CPU
		{681464FF-467A-4828-183B-BC425646B83F}.Release|Any CPU.ActiveCfg = Release|Any CPU
		{681464FF-467A-4828-183B-BC425646B83F}.Release|Any CPU.Build.0 = Release|Any CPU
		{3A7CA8C5-AB62-494F-8E25-E1AA9EE5AC81}.Debug|Any CPU.ActiveCfg = Debug|Any CPU
		{3A7CA8C5-AB62-494F-8E25-E1AA9EE5AC81}.Debug|Any CPU.Build.0 = Debug|Any CPU
		{3A7CA8C5-AB62-494F-8E25-E1AA9EE5AC81}.Release|Any CPU.ActiveCfg = Release|Any CPU
		{3A7CA8C5-AB62-494F-8E25-E1AA9EE5AC81}.Release|Any CPU.Build.0 = Release|Any CPU
		{6E12E107-F4A4-115B-8EF5-ABA8536A5D9F}.Debug|Any CPU.ActiveCfg = Debug|Any CPU
		{6E12E107-F4A4-115B-8EF5-ABA8536A5D9F}.Debug|Any CPU.Build.0 = Debug|Any CPU
		{6E12E107-F4A4-115B-8EF5-ABA8536A5D9F}.Release|Any CPU.ActiveCfg = Release|Any CPU
		{6E12E107-F4A4-115B-8EF5-ABA8536A5D9F}.Release|Any CPU.Build.0 = Release|Any CPU
		{35E890D3-1A55-7406-1FD1-884A2115DBBB}.Debug|Any CPU.ActiveCfg = Debug|Any CPU
		{35E890D3-1A55-7406-1FD1-884A2115DBBB}.Debug|Any CPU.Build.0 = Debug|Any CPU
		{35E890D3-1A55-7406-1FD1-884A2115DBBB}.Release|Any CPU.ActiveCfg = Release|Any CPU
		{35E890D3-1A55-7406-1FD1-884A2115DBBB}.Release|Any CPU.Build.0 = Release|Any CPU
		{806778EB-41A0-F9D8-A849-61D66A369E51}.Debug|Any CPU.ActiveCfg = Debug|Any CPU
		{806778EB-41A0-F9D8-A849-61D66A369E51}.Debug|Any CPU.Build.0 = Debug|Any CPU
		{806778EB-41A0-F9D8-A849-61D66A369E51}.Release|Any CPU.ActiveCfg = Release|Any CPU
		{806778EB-41A0-F9D8-A849-61D66A369E51}.Release|Any CPU.Build.0 = Release|Any CPU
		{9119B19C-1ECC-0878-21B2-B46B2FFE2E20}.Debug|Any CPU.ActiveCfg = Debug|Any CPU
		{9119B19C-1ECC-0878-21B2-B46B2FFE2E20}.Debug|Any CPU.Build.0 = Debug|Any CPU
		{9119B19C-1ECC-0878-21B2-B46B2FFE2E20}.Release|Any CPU.ActiveCfg = Release|Any CPU
		{9119B19C-1ECC-0878-21B2-B46B2FFE2E20}.Release|Any CPU.Build.0 = Release|Any CPU
		{7AE17206-BDCE-B6C2-5F33-027E3D25A054}.Debug|Any CPU.ActiveCfg = Debug|Any CPU
		{7AE17206-BDCE-B6C2-5F33-027E3D25A054}.Debug|Any CPU.Build.0 = Debug|Any CPU
		{7AE17206-BDCE-B6C2-5F33-027E3D25A054}.Release|Any CPU.ActiveCfg = Release|Any CPU
		{7AE17206-BDCE-B6C2-5F33-027E3D25A054}.Release|Any CPU.Build.0 = Release|Any CPU
		{24DF4C10-671F-EBA0-4B50-5714B365CA1A}.Debug|Any CPU.ActiveCfg = Debug|Any CPU
		{24DF4C10-671F-EBA0-4B50-5714B365CA1A}.Debug|Any CPU.Build.0 = Debug|Any CPU
		{24DF4C10-671F-EBA0-4B50-5714B365CA1A}.Release|Any CPU.ActiveCfg = Release|Any CPU
		{24DF4C10-671F-EBA0-4B50-5714B365CA1A}.Release|Any CPU.Build.0 = Release|Any CPU
		{C19F2A7D-BE7D-46A3-A714-FF46E36FB205}.Debug|Any CPU.ActiveCfg = Debug|Any CPU
		{C19F2A7D-BE7D-46A3-A714-FF46E36FB205}.Debug|Any CPU.Build.0 = Debug|Any CPU
		{C19F2A7D-BE7D-46A3-A714-FF46E36FB205}.Release|Any CPU.ActiveCfg = Release|Any CPU
		{C19F2A7D-BE7D-46A3-A714-FF46E36FB205}.Release|Any CPU.Build.0 = Release|Any CPU
		{423C8CDD-9E83-402D-AFF9-E970378C402F}.Debug|Any CPU.ActiveCfg = Debug|Any CPU
		{423C8CDD-9E83-402D-AFF9-E970378C402F}.Debug|Any CPU.Build.0 = Debug|Any CPU
		{423C8CDD-9E83-402D-AFF9-E970378C402F}.Release|Any CPU.ActiveCfg = Release|Any CPU
		{423C8CDD-9E83-402D-AFF9-E970378C402F}.Release|Any CPU.Build.0 = Release|Any CPU
		{75A56847-6A11-47DE-9833-4B4BA8E7F3F9}.Debug|Any CPU.ActiveCfg = Debug|Any CPU
		{75A56847-6A11-47DE-9833-4B4BA8E7F3F9}.Debug|Any CPU.Build.0 = Debug|Any CPU
		{75A56847-6A11-47DE-9833-4B4BA8E7F3F9}.Release|Any CPU.ActiveCfg = Release|Any CPU
		{75A56847-6A11-47DE-9833-4B4BA8E7F3F9}.Release|Any CPU.Build.0 = Release|Any CPU
		{81DDED9D-158B-E303-5F62-77A2896D2A5A}.Debug|Any CPU.ActiveCfg = Debug|Any CPU
		{81DDED9D-158B-E303-5F62-77A2896D2A5A}.Debug|Any CPU.Build.0 = Debug|Any CPU
		{81DDED9D-158B-E303-5F62-77A2896D2A5A}.Release|Any CPU.ActiveCfg = Release|Any CPU
		{81DDED9D-158B-E303-5F62-77A2896D2A5A}.Release|Any CPU.Build.0 = Release|Any CPU
		{B09DA8A4-84DB-01BB-7D38-57195227EA7F}.Debug|Any CPU.ActiveCfg = Debug|Any CPU
		{B09DA8A4-84DB-01BB-7D38-57195227EA7F}.Debug|Any CPU.Build.0 = Debug|Any CPU
		{B09DA8A4-84DB-01BB-7D38-57195227EA7F}.Release|Any CPU.ActiveCfg = Release|Any CPU
		{B09DA8A4-84DB-01BB-7D38-57195227EA7F}.Release|Any CPU.Build.0 = Release|Any CPU
		{86037DF8-F3CD-4F00-B59B-4ACF69DBDE7C}.Debug|Any CPU.ActiveCfg = Debug|Any CPU
		{86037DF8-F3CD-4F00-B59B-4ACF69DBDE7C}.Debug|Any CPU.Build.0 = Debug|Any CPU
		{86037DF8-F3CD-4F00-B59B-4ACF69DBDE7C}.Release|Any CPU.ActiveCfg = Release|Any CPU
		{86037DF8-F3CD-4F00-B59B-4ACF69DBDE7C}.Release|Any CPU.Build.0 = Release|Any CPU
		{750B74D4-1152-438A-BD40-662B084C3918}.Debug|Any CPU.ActiveCfg = Debug|Any CPU
		{750B74D4-1152-438A-BD40-662B084C3918}.Debug|Any CPU.Build.0 = Debug|Any CPU
		{750B74D4-1152-438A-BD40-662B084C3918}.Release|Any CPU.ActiveCfg = Release|Any CPU
		{750B74D4-1152-438A-BD40-662B084C3918}.Release|Any CPU.Build.0 = Release|Any CPU
		{6AAB6C80-F76C-4A54-AF15-7CC055ED3A89}.Debug|Any CPU.ActiveCfg = Debug|Any CPU
		{6AAB6C80-F76C-4A54-AF15-7CC055ED3A89}.Debug|Any CPU.Build.0 = Debug|Any CPU
		{6AAB6C80-F76C-4A54-AF15-7CC055ED3A89}.Release|Any CPU.ActiveCfg = Release|Any CPU
		{6AAB6C80-F76C-4A54-AF15-7CC055ED3A89}.Release|Any CPU.Build.0 = Release|Any CPU
		{DA1033B5-D8F9-46B9-BA93-74B92DB07F65}.Debug|Any CPU.ActiveCfg = Debug|Any CPU
		{DA1033B5-D8F9-46B9-BA93-74B92DB07F65}.Debug|Any CPU.Build.0 = Debug|Any CPU
		{DA1033B5-D8F9-46B9-BA93-74B92DB07F65}.Release|Any CPU.ActiveCfg = Release|Any CPU
		{DA1033B5-D8F9-46B9-BA93-74B92DB07F65}.Release|Any CPU.Build.0 = Release|Any CPU
		{439FB1C9-3155-454A-94CF-511465EF0008}.Debug|Any CPU.ActiveCfg = Debug|Any CPU
		{439FB1C9-3155-454A-94CF-511465EF0008}.Debug|Any CPU.Build.0 = Debug|Any CPU
		{439FB1C9-3155-454A-94CF-511465EF0008}.Release|Any CPU.ActiveCfg = Release|Any CPU
		{439FB1C9-3155-454A-94CF-511465EF0008}.Release|Any CPU.Build.0 = Release|Any CPU
		{1FB162B3-2BEA-F81F-4FF0-98A6285F8610}.Debug|Any CPU.ActiveCfg = Debug|Any CPU
		{1FB162B3-2BEA-F81F-4FF0-98A6285F8610}.Debug|Any CPU.Build.0 = Debug|Any CPU
		{1FB162B3-2BEA-F81F-4FF0-98A6285F8610}.Release|Any CPU.ActiveCfg = Release|Any CPU
		{1FB162B3-2BEA-F81F-4FF0-98A6285F8610}.Release|Any CPU.Build.0 = Release|Any CPU
		{EA1EDB70-9081-433A-BBAF-BB04E66BD599}.Debug|Any CPU.ActiveCfg = Debug|Any CPU
		{EA1EDB70-9081-433A-BBAF-BB04E66BD599}.Debug|Any CPU.Build.0 = Debug|Any CPU
		{EA1EDB70-9081-433A-BBAF-BB04E66BD599}.Release|Any CPU.ActiveCfg = Release|Any CPU
		{EA1EDB70-9081-433A-BBAF-BB04E66BD599}.Release|Any CPU.Build.0 = Release|Any CPU
	EndGlobalSection
	GlobalSection(SolutionProperties) = preSolution
		HideSolutionNode = FALSE
	EndGlobalSection
	GlobalSection(NestedProjects) = preSolution
		{786625A8-C9D8-4C08-A490-520C053403F1} = {2AE65493-DEF4-438F-B6B0-0B4986A6C484}
		{2581D6B2-F2A7-4C6F-8AD5-D609583B0311} = {00D6311A-C386-44CD-A6E4-3E9DC621DEA3}
		{6FB59BBB-D0DE-6D9A-767C-848C6C0FCE8C} = {2581D6B2-F2A7-4C6F-8AD5-D609583B0311}
		{5EB4C43A-431B-97E8-5A13-7C99B99FDA4E} = {2581D6B2-F2A7-4C6F-8AD5-D609583B0311}
		{F707379C-165F-71DC-0B73-777129AC363F} = {2581D6B2-F2A7-4C6F-8AD5-D609583B0311}
		{1FDA3660-D667-4A14-BC28-8B6EACCF2017} = {984BF99C-995B-406D-9288-6153CE00C779}
		{681464FF-467A-4828-183B-BC425646B83F} = {2581D6B2-F2A7-4C6F-8AD5-D609583B0311}
		{8819FCB1-A1E9-48F3-8A80-2E84F38B9A73} = {00D6311A-C386-44CD-A6E4-3E9DC621DEA3}
		{3A7CA8C5-AB62-494F-8E25-E1AA9EE5AC81} = {8819FCB1-A1E9-48F3-8A80-2E84F38B9A73}
		{6E12E107-F4A4-115B-8EF5-ABA8536A5D9F} = {8819FCB1-A1E9-48F3-8A80-2E84F38B9A73}
		{35E890D3-1A55-7406-1FD1-884A2115DBBB} = {8819FCB1-A1E9-48F3-8A80-2E84F38B9A73}
		{806778EB-41A0-F9D8-A849-61D66A369E51} = {8819FCB1-A1E9-48F3-8A80-2E84F38B9A73}
		{7C64A308-4949-4389-8B44-560EC753C1B7} = {00D6311A-C386-44CD-A6E4-3E9DC621DEA3}
		{84C6647A-7212-4718-BB61-4AE0768DE9BE} = {00D6311A-C386-44CD-A6E4-3E9DC621DEA3}
		{E9C8FC3F-A374-4A95-BCBD-7AD6C1CD9D1A} = {00D6311A-C386-44CD-A6E4-3E9DC621DEA3}
		{656F06A4-799F-41F8-A8E1-2A66DEAE039B} = {00D6311A-C386-44CD-A6E4-3E9DC621DEA3}
		{7F375FB3-4D47-4B80-A498-84C40D54162F} = {00D6311A-C386-44CD-A6E4-3E9DC621DEA3}
		{2D3E73F7-F709-4183-A195-F65641A99F79} = {00D6311A-C386-44CD-A6E4-3E9DC621DEA3}
		{9119B19C-1ECC-0878-21B2-B46B2FFE2E20} = {2D3E73F7-F709-4183-A195-F65641A99F79}
		{7AE17206-BDCE-B6C2-5F33-027E3D25A054} = {7F375FB3-4D47-4B80-A498-84C40D54162F}
		{24DF4C10-671F-EBA0-4B50-5714B365CA1A} = {656F06A4-799F-41F8-A8E1-2A66DEAE039B}
		{C19F2A7D-BE7D-46A3-A714-FF46E36FB205} = {7C64A308-4949-4389-8B44-560EC753C1B7}
		{423C8CDD-9E83-402D-AFF9-E970378C402F} = {E9C8FC3F-A374-4A95-BCBD-7AD6C1CD9D1A}
		{75A56847-6A11-47DE-9833-4B4BA8E7F3F9} = {2AE65493-DEF4-438F-B6B0-0B4986A6C484}
		{F55AB359-33A8-4653-8283-D6FF5B4A7C7C} = {00D6311A-C386-44CD-A6E4-3E9DC621DEA3}
		{58D401B5-BC03-40D3-9910-C3A970EBFE51} = {00D6311A-C386-44CD-A6E4-3E9DC621DEA3}
		{1D5E5BF2-5C08-4647-866F-9226797D51BC} = {00D6311A-C386-44CD-A6E4-3E9DC621DEA3}
		{7F6442FC-2E2D-4AA9-9DE8-F4E4305080F0} = {559DCCCF-31D5-46C0-8EFB-24EAEDB93B8F}
		{EF13DAB5-0B6F-4C04-BEEF-7683FBC09385} = {559DCCCF-31D5-46C0-8EFB-24EAEDB93B8F}
		{B09DA8A4-84DB-01BB-7D38-57195227EA7F} = {1D5E5BF2-5C08-4647-866F-9226797D51BC}
		{86037DF8-F3CD-4F00-B59B-4ACF69DBDE7C} = {8819FCB1-A1E9-48F3-8A80-2E84F38B9A73}
		{750B74D4-1152-438A-BD40-662B084C3918} = {7F375FB3-4D47-4B80-A498-84C40D54162F}
		{6AAB6C80-F76C-4A54-AF15-7CC055ED3A89} = {E9C8FC3F-A374-4A95-BCBD-7AD6C1CD9D1A}
		{DA1033B5-D8F9-46B9-BA93-74B92DB07F65} = {2581D6B2-F2A7-4C6F-8AD5-D609583B0311}
		{439FB1C9-3155-454A-94CF-511465EF0008} = {2D3E73F7-F709-4183-A195-F65641A99F79}
		{1FB162B3-2BEA-F81F-4FF0-98A6285F8610} = {656F06A4-799F-41F8-A8E1-2A66DEAE039B}
		{EA1EDB70-9081-433A-BBAF-BB04E66BD599} = {7C64A308-4949-4389-8B44-560EC753C1B7}
	EndGlobalSection
	GlobalSection(ExtensibilityGlobals) = postSolution
		SolutionGuid = {37A8EFE9-683A-42FB-B8E0-59AEC5287592}
	EndGlobalSection
EndGlobal
